# This file is generated by running "yarn install" inside your project.
# Manual changes might be lost - proceed with caution!

__metadata:
  version: 6
  cacheKey: 8

"chalk@npm:5.0.0":
  version: 5.0.0
  resolution: "chalk@npm:5.0.0"
  checksum: 6eba7c518b9aa5fe882ae6d14a1ffa58c418d72a3faa7f72af56641f1bbef51b645fca1d6e05d42357b7d3c846cd504c0b7b64d12309cdd07867e3b4411e0d01
  languageName: node
  linkType: hard

"kh-test-yarn2@workspace:.":
  version: 0.0.0-use.local
  resolution: "kh-test-yarn2@workspace:."
  dependencies:
    chalk: 5.0.0
  languageName: unknown
  linkType: soft
